
Microsoft Visual Studio Solution File, Format Version 12.00
# Visual Studio 2012
Project("{FAE04EC0-301F-11D3-BF4B-00C04F79EFBC}") = "TextUtils", "TextUtils\TextUtils.csproj", "{67FA3AF3-3B4F-402E-8C1E-7B01EAE3D750}"
EndProject
Project("{FAE04EC0-301F-11D3-BF4B-00C04F79EFBC}") = "TestLibrary", "TestLibrary\TestLibrary.csproj", "{7804BFBF-7BE0-4C46-B28C-F2A809D52AC2}"
EndProject
Project("{FAE04EC0-301F-11D3-BF4B-00C04F79EFBC}") = "WordCounterApp", "WordCounterApp\WordCounterApp.csproj", "{2D2D60C5-7AF4-43EC-AF1F-442F5799113D}"
EndProject
Global
	GlobalSection(SolutionConfigurationPlatforms) = preSolution
		Debug|Any CPU = Debug|Any CPU
		Release|Any CPU = Release|Any CPU
	EndGlobalSection
	GlobalSection(ProjectConfigurationPlatforms) = postSolution
		{67FA3AF3-3B4F-402E-8C1E-7B01EAE3D750}.Debug|Any CPU.ActiveCfg = Debug|Any CPU
		{67FA3AF3-3B4F-402E-8C1E-7B01EAE3D750}.Debug|Any CPU.Build.0 = Debug|Any CPU
		{67FA3AF3-3B4F-402E-8C1E-7B01EAE3D750}.Release|Any CPU.ActiveCfg = Release|Any CPU
		{67FA3AF3-3B4F-402E-8C1E-7B01EAE3D750}.Release|Any CPU.Build.0 = Release|Any CPU
		{7804BFBF-7BE0-4C46-B28C-F2A809D52AC2}.Debug|Any CPU.ActiveCfg = Debug|Any CPU
		{7804BFBF-7BE0-4C46-B28C-F2A809D52AC2}.Debug|Any CPU.Build.0 = Debug|Any CPU
		{7804BFBF-7BE0-4C46-B28C-F2A809D52AC2}.Release|Any CPU.ActiveCfg = Release|Any CPU
		{7804BFBF-7BE0-4C46-B28C-F2A809D52AC2}.Release|Any CPU.Build.0 = Release|Any CPU
		{2D2D60C5-7AF4-43EC-AF1F-442F5799113D}.Debug|Any CPU.ActiveCfg = Debug|Any CPU
		{2D2D60C5-7AF4-43EC-AF1F-442F5799113D}.Debug|Any CPU.Build.0 = Debug|Any CPU
		{2D2D60C5-7AF4-43EC-AF1F-442F5799113D}.Release|Any CPU.ActiveCfg = Release|Any CPU
		{2D2D60C5-7AF4-43EC-AF1F-442F5799113D}.Release|Any CPU.Build.0 = Release|Any CPU
	EndGlobalSection
EndGlobal
